# This file is autogenerated, do not edit; changes may be undone by the next 'dep ensure'.


[[projects]]
  digest = "1:ffe9824d294da03b391f44e1ae8281281b4afc1bdaa9588c9097785e3af10cec"
  name = "github.com/davecgh/go-spew"
  packages = ["spew"]
  pruneopts = "UT"
  revision = "8991bc29aa16c548c550c7ff78260e27b9ab7c73"
  version = "v1.1.1"

[[projects]]
  branch = "master"
  digest = "1:ebd53c015294371684ec2fa1bdc250bb7c625b453affe0af712fcaf0dafcd56d"
  name = "github.com/fukata/golang-stats-api-handler"
  packages = ["."]
  pruneopts = "UT"
  revision = "ab9f90f16caab828afda479fd34bfbbbba2efcee"

[[projects]]
  digest = "1:236d7e1bdb50d8f68559af37dbcf9d142d56b431c9b2176d41e2a009b664cda8"
  name = "github.com/google/uuid"
  packages = ["."]
  pruneopts = "UT"
  revision = "9b3b1e0f5f99ae461456d768e7d301a7acdaa2d8"
  version = "v1.1.0"

[[projects]]
  digest = "1:a2cff208d4759f6ba1b1cd228587b0a1869f95f22542ec9cd17fff64430113c7"
  name = "github.com/jessevdk/go-flags"
  packages = ["."]
  pruneopts = "UT"
  revision = "c6ca198ec95c841fdb89fc0de7496fed11ab854e"
  version = "v1.4.0"

[[projects]]
  digest = "1:5195e12a2bd45c864c6585d1ee282f98d1f4c18dde8c4baffb07fa6332f2b07f"
  name = "github.com/lestrrat/go-apache-logformat"
  packages = [
    ".",
    "internal/httputil",
    "internal/logctx",
  ]
  pruneopts = "UT"
  revision = "96240283407bfb047030069e9e56c4be4ccc205c"
  version = "v2.0.1"

[[projects]]
  branch = "master"
  digest = "1:f7d8e8432e355163397d2da1e17d0fb616d611db1360c43b1ac73e56f87038e2"
  name = "github.com/lestrrat/go-file-rotatelogs"
  packages = ["."]
  pruneopts = "UT"
  revision = "d3151e2a480fdcd05fb97102f5310a47d96274c4"

[[projects]]
  branch = "master"
  digest = "1:c6705c94837b3a99691bf88ad55632abc971b0466f7c02c7e8f89ef4cfdf1661"
  name = "github.com/lestrrat/go-server-starter-listener"
  packages = ["."]
  pruneopts = "UT"
  revision = "00dd68592c85334ce94a28199ec7961352c0ba6d"

[[projects]]
  branch = "master"
  digest = "1:b9f2e1d7b042e6fdb2aa1e3762afdb99e0c584f66a1a346b03cf8b4be203c694"
  name = "github.com/lestrrat/go-strftime"
  packages = ["."]
  pruneopts = "UT"
  revision = "ba3bf9c1d0421aa146564a632931730344f1f9f1"

[[projects]]
  digest = "1:246ab598a22ea9d50f46e65f655f78161a19822f6597268b02f04af998684807"
  name = "github.com/montanaflynn/stats"
  packages = ["."]
  pruneopts = "UT"
  revision = "1bf9dbcd8cbe1fdb75add3785b1d4a9a646269ab"
  version = "0.3.0"

[[projects]]
  digest = "1:cf31692c14422fa27c83a05292eb5cbe0fb2775972e8f1f8446a71549bd8980b"
  name = "github.com/pkg/errors"
  packages = ["."]
  pruneopts = "UT"
  revision = "ba968bfe8b2f7e042a574c888954fccecfa385b4"
  version = "v0.8.1"

[[projects]]
  digest = "1:0028cb19b2e4c3112225cd871870f2d9cf49b9b4276531f03438a88e94be86fe"
  name = "github.com/pmezard/go-difflib"
  packages = ["difflib"]
  pruneopts = "UT"
  revision = "792786c7400a136282c1664665ae0a8db921c6c2"
  version = "v1.0.0"

[[projects]]
  digest = "1:2ee572ec2cbbeb51d6b77067c2dd60e419528c5ba0174ae6166bbe91cdd2e2a5"
  name = "github.com/renstrom/shortuuid"
  packages = ["."]
  pruneopts = "UT"
  revision = "f84ba35fc5c62164a92d7eb989c87fba14bf423d"
  version = "v3.0.1"

[[projects]]
  digest = "1:972c2427413d41a1e06ca4897e8528e5a1622894050e2f527b38ddf0f343f759"
  name = "github.com/stretchr/testify"
  packages = ["assert"]
  pruneopts = "UT"
  revision = "ffdc059bfe9ce6a4e144ba849dbedead332c6053"
  version = "v1.3.0"

[[projects]]
  digest = "1:4086cfa4effbd662f2e73a9be4ca3b80d15ce65b73a4f70cfe42d2d80c483a77"
  name = "go.mercari.io/go-dnscache"
  packages = ["."]
  pruneopts = "UT"
  revision = "9c60ba2751201bcc1079a467f46464936a0ef172"
  version = "0.1.0"

[[projects]]
  branch = "master"
  digest = "1:74a950aa035c7f5dcff3c1c18b1098be107e4cf029120050686e2e31cb871029"
  name = "go.mercari.io/go-httpstats"
  packages = ["."]
  pruneopts = "UT"
  revision = "34fb78524912335cbb8c0bbef6358f0f2278795b"

[[projects]]
  digest = "1:3c1a69cdae3501bf75e76d0d86dc6f2b0a7421bc205c0cb7b96b19eed464a34d"
  name = "go.uber.org/atomic"
  packages = ["."]
  pruneopts = "UT"
  revision = "1ea20fb1cbb1cc08cbd0d913a96dead89aa18289"
  version = "v1.3.2"

[[projects]]
  digest = "1:60bf2a5e347af463c42ed31a493d817f8a72f102543060ed992754e689805d1a"
  name = "go.uber.org/multierr"
  packages = ["."]
  pruneopts = "UT"
  revision = "3c4937480c32f4c13a875a1829af76c98ca3d40a"
  version = "v1.1.0"

[[projects]]
  digest = "1:c52caf7bd44f92e54627a31b85baf06a68333a196b3d8d241480a774733dcf8b"
  name = "go.uber.org/zap"
  packages = [
    ".",
    "buffer",
    "internal/bufferpool",
    "internal/color",
    "internal/exit",
    "zapcore",
  ]
  pruneopts = "UT"
  revision = "ff33455a0e382e8a81d14dd7c922020b6b5e7982"
  version = "v1.9.1"

[solve-meta]
  analyzer-name = "dep"
  analyzer-version = 1
  input-imports = [
    "github.com/fukata/golang-stats-api-handler",
    "github.com/jessevdk/go-flags",
    "github.com/lestrrat/go-apache-logformat",
    "github.com/lestrrat/go-file-rotatelogs",
    "github.com/lestrrat/go-server-starter-listener",
    "github.com/pkg/errors",
    "github.com/renstrom/shortuuid",
    "github.com/stretchr/testify/assert",
    "go.mercari.io/go-dnscache",
    "go.mercari.io/go-httpstats",
    "go.uber.org/zap",
  ]
  solver-name = "gps-cdcl"
  solver-version = 1
